
Microsoft Visual Studio Solution File, Format Version 12.00
# Visual Studio Version 17
VisualStudioVersion = 17.3.32819.101
MinimumVisualStudioVersion = 10.0.40219.1
Project("{FAE04EC0-301F-11D3-BF4B-00C04F79EFBC}") = "MovieList", "MovieList\MovieList.csproj", "{3613DB79-58F9-4000-B47E-8D15DC63B36F}"
EndProject
Global
	GlobalSection(SolutionConfigurationPlatforms) = preSolution
		Debug|Any CPU = Debug|Any CPU
		Release|Any CPU = Release|Any CPU
	EndGlobalSection
	GlobalSection(ProjectConfigurationPlatforms) = postSolution
		{3613DB79-58F9-4000-B47E-8D15DC63B36F}.Debug|Any CPU.ActiveCfg = Debug|Any CPU
		{3613DB79-58F9-4000-B47E-8D15DC63B36F}.Debug|Any CPU.Build.0 = Debug|Any CPU
		{3613DB79-58F9-4000-B47E-8D15DC63B36F}.Release|Any CPU.ActiveCfg = Release|Any CPU
		{3613DB79-58F9-4000-B47E-8D15DC63B36F}.Release|Any CPU.Build.0 = Release|Any CPU
	EndGlobalSection
	GlobalSection(SolutionProperties) = preSolution
		HideSolutionNode = FALSE
	EndGlobalSection
	GlobalSection(ExtensibilityGlobals) = postSolution
		SolutionGuid = {30A3EAA7-C29E-4E2A-B546-FA4B6B1E649F}
	EndGlobalSection
EndGlobal
